
Microsoft Visual Studio Solution File, Format Version 12.00
# Visual Studio Version 16
VisualStudioVersion = 16.0.29519.87
MinimumVisualStudioVersion = 10.0.40219.1
Project("{FAE04EC0-301F-11D3-BF4B-00C04F79EFBC}") = "CodeNames", "CodeNames\CodeNames.csproj", "{200543B6-66A0-44D7-84C7-AA4D5F07B73C}"
EndProject
Global
	GlobalSection(SolutionConfigurationPlatforms) = preSolution
		Debug|Any CPU = Debug|Any CPU
		Release|Any CPU = Release|Any CPU
	EndGlobalSection
	GlobalSection(ProjectConfigurationPlatforms) = postSolution
		{200543B6-66A0-44D7-84C7-AA4D5F07B73C}.Debug|Any CPU.ActiveCfg = Debug|Any CPU
		{200543B6-66A0-44D7-84C7-AA4D5F07B73C}.Debug|Any CPU.Build.0 = Debug|Any CPU
		{200543B6-66A0-44D7-84C7-AA4D5F07B73C}.Release|Any CPU.ActiveCfg = Release|Any CPU
		{200543B6-66A0-44D7-84C7-AA4D5F07B73C}.Release|Any CPU.Build.0 = Release|Any CPU
	EndGlobalSection
	GlobalSection(SolutionProperties) = preSolution
		HideSolutionNode = FALSE
	EndGlobalSection
	GlobalSection(ExtensibilityGlobals) = postSolution
		SolutionGuid = {9CEB0E36-F3A5-43AD-9A6D-51CA73DD1EF6}
	EndGlobalSection
EndGlobal
